
Microsoft Visual Studio Solution File, Format Version 12.00
# Visual Studio Version 17
VisualStudioVersion = 17.8.34408.163
MinimumVisualStudioVersion = 10.0.40219.1
Project("{FAE04EC0-301F-11D3-BF4B-00C04F79EFBC}") = "ECommerce.Api.Products", "ECommerce.Api.Products\ECommerce.Api.Products.csproj", "{FB313A6C-22FC-4508-AAD1-52E6571A47AB}"
EndProject
Project("{FAE04EC0-301F-11D3-BF4B-00C04F79EFBC}") = "ECommerce.Api.Customers", "ECommerce.Api.Customers\ECommerce.Api.Customers.csproj", "{DB8175D5-AD84-4E91-85DE-C47ED0FA6298}"
EndProject
Project("{FAE04EC0-301F-11D3-BF4B-00C04F79EFBC}") = "ECommerce.Api.Orders", "ECommerce.Api.Orders\ECommerce.Api.Orders.csproj", "{2F20D43D-30C0-450C-8391-C3F33236F1C5}"
EndProject
Project("{FAE04EC0-301F-11D3-BF4B-00C04F79EFBC}") = "ECommerce.Api.Search", "ECommerce.Api.Search\ECommerce.Api.Search.csproj", "{0262A1A7-EC57-4B16-8DFC-0AFC9FFFA881}"
EndProject
Global
	GlobalSection(SolutionConfigurationPlatforms) = preSolution
		Debug|Any CPU = Debug|Any CPU
		Release|Any CPU = Release|Any CPU
	EndGlobalSection
	GlobalSection(ProjectConfigurationPlatforms) = postSolution
		{FB313A6C-22FC-4508-AAD1-52E6571A47AB}.Debug|Any CPU.ActiveCfg = Debug|Any CPU
		{FB313A6C-22FC-4508-AAD1-52E6571A47AB}.Debug|Any CPU.Build.0 = Debug|Any CPU
		{FB313A6C-22FC-4508-AAD1-52E6571A47AB}.Release|Any CPU.ActiveCfg = Release|Any CPU
		{FB313A6C-22FC-4508-AAD1-52E6571A47AB}.Release|Any CPU.Build.0 = Release|Any CPU
		{DB8175D5-AD84-4E91-85DE-C47ED0FA6298}.Debug|Any CPU.ActiveCfg = Debug|Any CPU
		{DB8175D5-AD84-4E91-85DE-C47ED0FA6298}.Debug|Any CPU.Build.0 = Debug|Any CPU
		{DB8175D5-AD84-4E91-85DE-C47ED0FA6298}.Release|Any CPU.ActiveCfg = Release|Any CPU
		{DB8175D5-AD84-4E91-85DE-C47ED0FA6298}.Release|Any CPU.Build.0 = Release|Any CPU
		{2F20D43D-30C0-450C-8391-C3F33236F1C5}.Debug|Any CPU.ActiveCfg = Debug|Any CPU
		{2F20D43D-30C0-450C-8391-C3F33236F1C5}.Debug|Any CPU.Build.0 = Debug|Any CPU
		{2F20D43D-30C0-450C-8391-C3F33236F1C5}.Release|Any CPU.ActiveCfg = Release|Any CPU
		{2F20D43D-30C0-450C-8391-C3F33236F1C5}.Release|Any CPU.Build.0 = Release|Any CPU
		{0262A1A7-EC57-4B16-8DFC-0AFC9FFFA881}.Debug|Any CPU.ActiveCfg = Debug|Any CPU
		{0262A1A7-EC57-4B16-8DFC-0AFC9FFFA881}.Debug|Any CPU.Build.0 = Debug|Any CPU
		{0262A1A7-EC57-4B16-8DFC-0AFC9FFFA881}.Release|Any CPU.ActiveCfg = Release|Any CPU
		{0262A1A7-EC57-4B16-8DFC-0AFC9FFFA881}.Release|Any CPU.Build.0 = Release|Any CPU
	EndGlobalSection
	GlobalSection(SolutionProperties) = preSolution
		HideSolutionNode = FALSE
	EndGlobalSection
	GlobalSection(ExtensibilityGlobals) = postSolution
		SolutionGuid = {E1D9A6EC-AA88-4D7C-8225-1CF291A245DC}
	EndGlobalSection
EndGlobal
